
Microsoft Visual Studio Solution File, Format Version 12.00
# Visual Studio 14
VisualStudioVersion = 14.0.23107.0
MinimumVisualStudioVersion = 10.0.40219.1
Project("{FAE04EC0-301F-11D3-BF4B-00C04F79EFBC}") = "Noob Wireless Share", "Noob Wireless Share\Noob Wireless Share.csproj", "{D3B84FAC-075C-48D9-9229-056F7A3D0383}"
EndProject
Global
	GlobalSection(SolutionConfigurationPlatforms) = preSolution
		Debug|Any CPU = Debug|Any CPU
		Release|Any CPU = Release|Any CPU
	EndGlobalSection
	GlobalSection(ProjectConfigurationPlatforms) = postSolution
		{D3B84FAC-075C-48D9-9229-056F7A3D0383}.Debug|Any CPU.ActiveCfg = Debug|Any CPU
		{D3B84FAC-075C-48D9-9229-056F7A3D0383}.Debug|Any CPU.Build.0 = Debug|Any CPU
		{D3B84FAC-075C-48D9-9229-056F7A3D0383}.Release|Any CPU.ActiveCfg = Release|Any CPU
		{D3B84FAC-075C-48D9-9229-056F7A3D0383}.Release|Any CPU.Build.0 = Release|Any CPU
	EndGlobalSection
	GlobalSection(SolutionProperties) = preSolution
		HideSolutionNode = FALSE
	EndGlobalSection
EndGlobal
